
Microsoft Visual Studio Solution File, Format Version 12.00
# Visual Studio Version 16
VisualStudioVersion = 16.0.29709.97
MinimumVisualStudioVersion = 10.0.40219.1
Project("{FAE04EC0-301F-11D3-BF4B-00C04F79EFBC}") = "Poject_Isaac", "Poject_Isaac\Poject_Isaac.csproj", "{3883CDD9-1F29-43C8-B17E-C0BD7C20BA5A}"
EndProject
Global
	GlobalSection(SolutionConfigurationPlatforms) = preSolution
		Debug|Any CPU = Debug|Any CPU
		Release|Any CPU = Release|Any CPU
	EndGlobalSection
	GlobalSection(ProjectConfigurationPlatforms) = postSolution
		{3883CDD9-1F29-43C8-B17E-C0BD7C20BA5A}.Debug|Any CPU.ActiveCfg = Debug|Any CPU
		{3883CDD9-1F29-43C8-B17E-C0BD7C20BA5A}.Debug|Any CPU.Build.0 = Debug|Any CPU
		{3883CDD9-1F29-43C8-B17E-C0BD7C20BA5A}.Release|Any CPU.ActiveCfg = Release|Any CPU
		{3883CDD9-1F29-43C8-B17E-C0BD7C20BA5A}.Release|Any CPU.Build.0 = Release|Any CPU
	EndGlobalSection
	GlobalSection(SolutionProperties) = preSolution
		HideSolutionNode = FALSE
	EndGlobalSection
	GlobalSection(ExtensibilityGlobals) = postSolution
		SolutionGuid = {6945E3AD-44EB-4256-A8F5-3AC4604DDEA8}
	EndGlobalSection
EndGlobal
