
Microsoft Visual Studio Solution File, Format Version 12.00
# Visual Studio Version 16
VisualStudioVersion = 16.0.29709.97
MinimumVisualStudioVersion = 10.0.40219.1
Project("{FAE04EC0-301F-11D3-BF4B-00C04F79EFBC}") = "Shape", "Shape\Shape.csproj", "{7B61608E-C1D8-4051-9A21-9F1EF59D12D6}"
EndProject
Global
	GlobalSection(SolutionConfigurationPlatforms) = preSolution
		Debug|Any CPU = Debug|Any CPU
		Release|Any CPU = Release|Any CPU
	EndGlobalSection
	GlobalSection(ProjectConfigurationPlatforms) = postSolution
		{7B61608E-C1D8-4051-9A21-9F1EF59D12D6}.Debug|Any CPU.ActiveCfg = Debug|Any CPU
		{7B61608E-C1D8-4051-9A21-9F1EF59D12D6}.Debug|Any CPU.Build.0 = Debug|Any CPU
		{7B61608E-C1D8-4051-9A21-9F1EF59D12D6}.Release|Any CPU.ActiveCfg = Release|Any CPU
		{7B61608E-C1D8-4051-9A21-9F1EF59D12D6}.Release|Any CPU.Build.0 = Release|Any CPU
	EndGlobalSection
	GlobalSection(SolutionProperties) = preSolution
		HideSolutionNode = FALSE
	EndGlobalSection
	GlobalSection(ExtensibilityGlobals) = postSolution
		SolutionGuid = {55D6FDA0-80D2-42E9-A488-FA8C0DB77B2C}
	EndGlobalSection
EndGlobal
