
Microsoft Visual Studio Solution File, Format Version 12.00
# Visual Studio Version 16
VisualStudioVersion = 16.0.29709.97
MinimumVisualStudioVersion = 10.0.40219.1
Project("{FAE04EC0-301F-11D3-BF4B-00C04F79EFBC}") = "Changemaker", "Changemaker\Changemaker.csproj", "{84C67CD2-1210-4C28-94EA-3ABC83DB2993}"
EndProject
Global
	GlobalSection(SolutionConfigurationPlatforms) = preSolution
		Debug|Any CPU = Debug|Any CPU
		Release|Any CPU = Release|Any CPU
	EndGlobalSection
	GlobalSection(ProjectConfigurationPlatforms) = postSolution
		{84C67CD2-1210-4C28-94EA-3ABC83DB2993}.Debug|Any CPU.ActiveCfg = Debug|Any CPU
		{84C67CD2-1210-4C28-94EA-3ABC83DB2993}.Debug|Any CPU.Build.0 = Debug|Any CPU
		{84C67CD2-1210-4C28-94EA-3ABC83DB2993}.Release|Any CPU.ActiveCfg = Release|Any CPU
		{84C67CD2-1210-4C28-94EA-3ABC83DB2993}.Release|Any CPU.Build.0 = Release|Any CPU
	EndGlobalSection
	GlobalSection(SolutionProperties) = preSolution
		HideSolutionNode = FALSE
	EndGlobalSection
	GlobalSection(ExtensibilityGlobals) = postSolution
		SolutionGuid = {5786A81F-DBB6-4FDC-9C3B-5CB01C296578}
	EndGlobalSection
EndGlobal
