
Microsoft Visual Studio Solution File, Format Version 12.00
# Visual Studio Version 16
VisualStudioVersion = 16.0.29613.14
MinimumVisualStudioVersion = 10.0.40219.1
Project("{FAE04EC0-301F-11D3-BF4B-00C04F79EFBC}") = "Base Width Height", "Base Width Height\Base Width Height.csproj", "{751A7846-7885-4587-B819-BA1138EDB802}"
EndProject
Global
	GlobalSection(SolutionConfigurationPlatforms) = preSolution
		Debug|Any CPU = Debug|Any CPU
		Release|Any CPU = Release|Any CPU
	EndGlobalSection
	GlobalSection(ProjectConfigurationPlatforms) = postSolution
		{751A7846-7885-4587-B819-BA1138EDB802}.Debug|Any CPU.ActiveCfg = Debug|Any CPU
		{751A7846-7885-4587-B819-BA1138EDB802}.Debug|Any CPU.Build.0 = Debug|Any CPU
		{751A7846-7885-4587-B819-BA1138EDB802}.Release|Any CPU.ActiveCfg = Release|Any CPU
		{751A7846-7885-4587-B819-BA1138EDB802}.Release|Any CPU.Build.0 = Release|Any CPU
	EndGlobalSection
	GlobalSection(SolutionProperties) = preSolution
		HideSolutionNode = FALSE
	EndGlobalSection
	GlobalSection(ExtensibilityGlobals) = postSolution
		SolutionGuid = {E0F994A9-C099-413C-80F6-5EBD2B22CC5F}
	EndGlobalSection
EndGlobal
