
Microsoft Visual Studio Solution File, Format Version 12.00
# Blend for Visual Studio Version 16
VisualStudioVersion = 16.0.29613.14
MinimumVisualStudioVersion = 10.0.40219.1
Project("{FAE04EC0-301F-11D3-BF4B-00C04F79EFBC}") = "WpfApp1", "WpfApp1\WpfApp1.csproj", "{2FBE924E-DF74-4C49-A0CB-8BC0D2D2A1E3}"
EndProject
Global
	GlobalSection(SolutionConfigurationPlatforms) = preSolution
		Debug|Any CPU = Debug|Any CPU
		Release|Any CPU = Release|Any CPU
	EndGlobalSection
	GlobalSection(ProjectConfigurationPlatforms) = postSolution
		{2FBE924E-DF74-4C49-A0CB-8BC0D2D2A1E3}.Debug|Any CPU.ActiveCfg = Debug|Any CPU
		{2FBE924E-DF74-4C49-A0CB-8BC0D2D2A1E3}.Debug|Any CPU.Build.0 = Debug|Any CPU
		{2FBE924E-DF74-4C49-A0CB-8BC0D2D2A1E3}.Release|Any CPU.ActiveCfg = Release|Any CPU
		{2FBE924E-DF74-4C49-A0CB-8BC0D2D2A1E3}.Release|Any CPU.Build.0 = Release|Any CPU
	EndGlobalSection
	GlobalSection(SolutionProperties) = preSolution
		HideSolutionNode = FALSE
	EndGlobalSection
	GlobalSection(ExtensibilityGlobals) = postSolution
		SolutionGuid = {D47434BE-E34F-4088-8965-F86C8076ABB9}
	EndGlobalSection
EndGlobal
