
Microsoft Visual Studio Solution File, Format Version 12.00
# Visual Studio Version 16
VisualStudioVersion = 16.0.29709.97
MinimumVisualStudioVersion = 10.0.40219.1
Project("{FAE04EC0-301F-11D3-BF4B-00C04F79EFBC}") = "FirstWeb", "FirstWeb\FirstWeb.csproj", "{18EBF225-98FC-4382-8C9F-A12CBA0CD7A8}"
EndProject
Global
	GlobalSection(SolutionConfigurationPlatforms) = preSolution
		Debug|Any CPU = Debug|Any CPU
		Release|Any CPU = Release|Any CPU
	EndGlobalSection
	GlobalSection(ProjectConfigurationPlatforms) = postSolution
		{18EBF225-98FC-4382-8C9F-A12CBA0CD7A8}.Debug|Any CPU.ActiveCfg = Debug|Any CPU
		{18EBF225-98FC-4382-8C9F-A12CBA0CD7A8}.Debug|Any CPU.Build.0 = Debug|Any CPU
		{18EBF225-98FC-4382-8C9F-A12CBA0CD7A8}.Release|Any CPU.ActiveCfg = Release|Any CPU
		{18EBF225-98FC-4382-8C9F-A12CBA0CD7A8}.Release|Any CPU.Build.0 = Release|Any CPU
	EndGlobalSection
	GlobalSection(SolutionProperties) = preSolution
		HideSolutionNode = FALSE
	EndGlobalSection
	GlobalSection(ExtensibilityGlobals) = postSolution
		SolutionGuid = {12C00833-3665-49A0-BB0E-B7A512FE6928}
	EndGlobalSection
EndGlobal
