
Microsoft Visual Studio Solution File, Format Version 12.00
# Visual Studio Version 16
VisualStudioVersion = 16.0.29709.97
MinimumVisualStudioVersion = 10.0.40219.1
Project("{FAE04EC0-301F-11D3-BF4B-00C04F79EFBC}") = "ConsoleApp3", "ConsoleApp3\ConsoleApp3.csproj", "{6A233E3B-2445-4D69-9BFA-C4A32E762F97}"
EndProject
Global
	GlobalSection(SolutionConfigurationPlatforms) = preSolution
		Debug|Any CPU = Debug|Any CPU
		Release|Any CPU = Release|Any CPU
	EndGlobalSection
	GlobalSection(ProjectConfigurationPlatforms) = postSolution
		{6A233E3B-2445-4D69-9BFA-C4A32E762F97}.Debug|Any CPU.ActiveCfg = Debug|Any CPU
		{6A233E3B-2445-4D69-9BFA-C4A32E762F97}.Debug|Any CPU.Build.0 = Debug|Any CPU
		{6A233E3B-2445-4D69-9BFA-C4A32E762F97}.Release|Any CPU.ActiveCfg = Release|Any CPU
		{6A233E3B-2445-4D69-9BFA-C4A32E762F97}.Release|Any CPU.Build.0 = Release|Any CPU
	EndGlobalSection
	GlobalSection(SolutionProperties) = preSolution
		HideSolutionNode = FALSE
	EndGlobalSection
	GlobalSection(ExtensibilityGlobals) = postSolution
		SolutionGuid = {14C738DB-E8FE-4A07-A721-F4890AB80246}
	EndGlobalSection
EndGlobal
