
Microsoft Visual Studio Solution File, Format Version 12.00
# Visual Studio Version 16
VisualStudioVersion = 16.0.29709.97
MinimumVisualStudioVersion = 10.0.40219.1
Project("{FAE04EC0-301F-11D3-BF4B-00C04F79EFBC}") = "Vehicle", "Vehicle\Vehicle.csproj", "{EB06953B-47B0-447A-BF27-992AE33DF6A7}"
EndProject
Global
	GlobalSection(SolutionConfigurationPlatforms) = preSolution
		Debug|Any CPU = Debug|Any CPU
		Release|Any CPU = Release|Any CPU
	EndGlobalSection
	GlobalSection(ProjectConfigurationPlatforms) = postSolution
		{EB06953B-47B0-447A-BF27-992AE33DF6A7}.Debug|Any CPU.ActiveCfg = Debug|Any CPU
		{EB06953B-47B0-447A-BF27-992AE33DF6A7}.Debug|Any CPU.Build.0 = Debug|Any CPU
		{EB06953B-47B0-447A-BF27-992AE33DF6A7}.Release|Any CPU.ActiveCfg = Release|Any CPU
		{EB06953B-47B0-447A-BF27-992AE33DF6A7}.Release|Any CPU.Build.0 = Release|Any CPU
	EndGlobalSection
	GlobalSection(SolutionProperties) = preSolution
		HideSolutionNode = FALSE
	EndGlobalSection
	GlobalSection(ExtensibilityGlobals) = postSolution
		SolutionGuid = {E1136451-C7FF-470B-A703-6202E196FA21}
	EndGlobalSection
EndGlobal
