
Microsoft Visual Studio Solution File, Format Version 12.00
# Visual Studio Version 16
VisualStudioVersion = 16.0.29709.97
MinimumVisualStudioVersion = 10.0.40219.1
Project("{FAE04EC0-301F-11D3-BF4B-00C04F79EFBC}") = "Anonymousmethod", "Anonymousmethod\Anonymousmethod.csproj", "{CF9D2C28-B3A2-49D7-B8BA-327B50AFAB00}"
EndProject
Global
	GlobalSection(SolutionConfigurationPlatforms) = preSolution
		Debug|Any CPU = Debug|Any CPU
		Release|Any CPU = Release|Any CPU
	EndGlobalSection
	GlobalSection(ProjectConfigurationPlatforms) = postSolution
		{CF9D2C28-B3A2-49D7-B8BA-327B50AFAB00}.Debug|Any CPU.ActiveCfg = Debug|Any CPU
		{CF9D2C28-B3A2-49D7-B8BA-327B50AFAB00}.Debug|Any CPU.Build.0 = Debug|Any CPU
		{CF9D2C28-B3A2-49D7-B8BA-327B50AFAB00}.Release|Any CPU.ActiveCfg = Release|Any CPU
		{CF9D2C28-B3A2-49D7-B8BA-327B50AFAB00}.Release|Any CPU.Build.0 = Release|Any CPU
	EndGlobalSection
	GlobalSection(SolutionProperties) = preSolution
		HideSolutionNode = FALSE
	EndGlobalSection
	GlobalSection(ExtensibilityGlobals) = postSolution
		SolutionGuid = {083DCC85-D70F-4DDE-A576-36C8D4EDE215}
	EndGlobalSection
EndGlobal
