
Microsoft Visual Studio Solution File, Format Version 12.00
# Visual Studio Version 16
VisualStudioVersion = 16.0.29709.97
MinimumVisualStudioVersion = 10.0.40219.1
Project("{FAE04EC0-301F-11D3-BF4B-00C04F79EFBC}") = "MultitaskDelegate", "MultitaskDelegate\MultitaskDelegate.csproj", "{30AB0BE1-9070-47B1-A6AD-B5AC28336266}"
EndProject
Global
	GlobalSection(SolutionConfigurationPlatforms) = preSolution
		Debug|Any CPU = Debug|Any CPU
		Release|Any CPU = Release|Any CPU
	EndGlobalSection
	GlobalSection(ProjectConfigurationPlatforms) = postSolution
		{30AB0BE1-9070-47B1-A6AD-B5AC28336266}.Debug|Any CPU.ActiveCfg = Debug|Any CPU
		{30AB0BE1-9070-47B1-A6AD-B5AC28336266}.Debug|Any CPU.Build.0 = Debug|Any CPU
		{30AB0BE1-9070-47B1-A6AD-B5AC28336266}.Release|Any CPU.ActiveCfg = Release|Any CPU
		{30AB0BE1-9070-47B1-A6AD-B5AC28336266}.Release|Any CPU.Build.0 = Release|Any CPU
	EndGlobalSection
	GlobalSection(SolutionProperties) = preSolution
		HideSolutionNode = FALSE
	EndGlobalSection
	GlobalSection(ExtensibilityGlobals) = postSolution
		SolutionGuid = {27E8A23C-4B08-498C-A21E-DE4098640107}
	EndGlobalSection
EndGlobal
