
Microsoft Visual Studio Solution File, Format Version 12.00
# Visual Studio Version 16
VisualStudioVersion = 16.0.29709.97
MinimumVisualStudioVersion = 10.0.40219.1
Project("{FAE04EC0-301F-11D3-BF4B-00C04F79EFBC}") = "Volume, Surface are and cost", "Volume, Surface are and cost\Volume, Surface are and cost.csproj", "{1A5EFAF1-9341-4876-B91E-27552693542D}"
EndProject
Global
	GlobalSection(SolutionConfigurationPlatforms) = preSolution
		Debug|Any CPU = Debug|Any CPU
		Release|Any CPU = Release|Any CPU
	EndGlobalSection
	GlobalSection(ProjectConfigurationPlatforms) = postSolution
		{1A5EFAF1-9341-4876-B91E-27552693542D}.Debug|Any CPU.ActiveCfg = Debug|Any CPU
		{1A5EFAF1-9341-4876-B91E-27552693542D}.Debug|Any CPU.Build.0 = Debug|Any CPU
		{1A5EFAF1-9341-4876-B91E-27552693542D}.Release|Any CPU.ActiveCfg = Release|Any CPU
		{1A5EFAF1-9341-4876-B91E-27552693542D}.Release|Any CPU.Build.0 = Release|Any CPU
	EndGlobalSection
	GlobalSection(SolutionProperties) = preSolution
		HideSolutionNode = FALSE
	EndGlobalSection
	GlobalSection(ExtensibilityGlobals) = postSolution
		SolutionGuid = {6807FA8E-184B-42B8-B2D3-C596FDD6AA52}
	EndGlobalSection
EndGlobal
