
Microsoft Visual Studio Solution File, Format Version 12.00
# Visual Studio Version 16
VisualStudioVersion = 16.0.29613.14
MinimumVisualStudioVersion = 10.0.40219.1
Project("{FAE04EC0-301F-11D3-BF4B-00C04F79EFBC}") = "Double +Whole number", "Double +Whole number\Double +Whole number.csproj", "{3D6C9D9A-AF14-4BD0-BE9E-8C3FBB3A4024}"
EndProject
Global
	GlobalSection(SolutionConfigurationPlatforms) = preSolution
		Debug|Any CPU = Debug|Any CPU
		Release|Any CPU = Release|Any CPU
	EndGlobalSection
	GlobalSection(ProjectConfigurationPlatforms) = postSolution
		{3D6C9D9A-AF14-4BD0-BE9E-8C3FBB3A4024}.Debug|Any CPU.ActiveCfg = Debug|Any CPU
		{3D6C9D9A-AF14-4BD0-BE9E-8C3FBB3A4024}.Debug|Any CPU.Build.0 = Debug|Any CPU
		{3D6C9D9A-AF14-4BD0-BE9E-8C3FBB3A4024}.Release|Any CPU.ActiveCfg = Release|Any CPU
		{3D6C9D9A-AF14-4BD0-BE9E-8C3FBB3A4024}.Release|Any CPU.Build.0 = Release|Any CPU
	EndGlobalSection
	GlobalSection(SolutionProperties) = preSolution
		HideSolutionNode = FALSE
	EndGlobalSection
	GlobalSection(ExtensibilityGlobals) = postSolution
		SolutionGuid = {0B2371A2-6203-4016-B21B-6A6954AD21BF}
	EndGlobalSection
EndGlobal
