
Microsoft Visual Studio Solution File, Format Version 12.00
# Visual Studio Version 16
VisualStudioVersion = 16.0.29709.97
MinimumVisualStudioVersion = 10.0.40219.1
Project("{FAE04EC0-301F-11D3-BF4B-00C04F79EFBC}") = "Else if", "Else if\Else if.csproj", "{9BA0F0A1-7F91-4437-BEFC-6C7416D83581}"
EndProject
Global
	GlobalSection(SolutionConfigurationPlatforms) = preSolution
		Debug|Any CPU = Debug|Any CPU
		Release|Any CPU = Release|Any CPU
	EndGlobalSection
	GlobalSection(ProjectConfigurationPlatforms) = postSolution
		{9BA0F0A1-7F91-4437-BEFC-6C7416D83581}.Debug|Any CPU.ActiveCfg = Debug|Any CPU
		{9BA0F0A1-7F91-4437-BEFC-6C7416D83581}.Debug|Any CPU.Build.0 = Debug|Any CPU
		{9BA0F0A1-7F91-4437-BEFC-6C7416D83581}.Release|Any CPU.ActiveCfg = Release|Any CPU
		{9BA0F0A1-7F91-4437-BEFC-6C7416D83581}.Release|Any CPU.Build.0 = Release|Any CPU
	EndGlobalSection
	GlobalSection(SolutionProperties) = preSolution
		HideSolutionNode = FALSE
	EndGlobalSection
	GlobalSection(ExtensibilityGlobals) = postSolution
		SolutionGuid = {888DFD28-7A0D-4032-9B86-AD3F94F561B8}
	EndGlobalSection
EndGlobal
