
Microsoft Visual Studio Solution File, Format Version 12.00
# Visual Studio Version 16
VisualStudioVersion = 16.0.29709.97
MinimumVisualStudioVersion = 10.0.40219.1
Project("{FAE04EC0-301F-11D3-BF4B-00C04F79EFBC}") = "Jordan", "Jordan\Jordan.csproj", "{B82BD269-2821-46A3-822E-B6F89A7177F9}"
EndProject
Global
	GlobalSection(SolutionConfigurationPlatforms) = preSolution
		Debug|Any CPU = Debug|Any CPU
		Release|Any CPU = Release|Any CPU
	EndGlobalSection
	GlobalSection(ProjectConfigurationPlatforms) = postSolution
		{B82BD269-2821-46A3-822E-B6F89A7177F9}.Debug|Any CPU.ActiveCfg = Debug|Any CPU
		{B82BD269-2821-46A3-822E-B6F89A7177F9}.Debug|Any CPU.Build.0 = Debug|Any CPU
		{B82BD269-2821-46A3-822E-B6F89A7177F9}.Release|Any CPU.ActiveCfg = Release|Any CPU
		{B82BD269-2821-46A3-822E-B6F89A7177F9}.Release|Any CPU.Build.0 = Release|Any CPU
	EndGlobalSection
	GlobalSection(SolutionProperties) = preSolution
		HideSolutionNode = FALSE
	EndGlobalSection
	GlobalSection(ExtensibilityGlobals) = postSolution
		SolutionGuid = {B3BD56B0-167A-4E19-9E41-EA3D5D15F020}
	EndGlobalSection
EndGlobal
