
Microsoft Visual Studio Solution File, Format Version 12.00
# Visual Studio Version 16
VisualStudioVersion = 16.0.29709.97
MinimumVisualStudioVersion = 10.0.40219.1
Project("{FAE04EC0-301F-11D3-BF4B-00C04F79EFBC}") = "change", "change\change.csproj", "{709AB61A-192C-402A-94C6-524B70266FC5}"
EndProject
Global
	GlobalSection(SolutionConfigurationPlatforms) = preSolution
		Debug|Any CPU = Debug|Any CPU
		Release|Any CPU = Release|Any CPU
	EndGlobalSection
	GlobalSection(ProjectConfigurationPlatforms) = postSolution
		{709AB61A-192C-402A-94C6-524B70266FC5}.Debug|Any CPU.ActiveCfg = Debug|Any CPU
		{709AB61A-192C-402A-94C6-524B70266FC5}.Debug|Any CPU.Build.0 = Debug|Any CPU
		{709AB61A-192C-402A-94C6-524B70266FC5}.Release|Any CPU.ActiveCfg = Release|Any CPU
		{709AB61A-192C-402A-94C6-524B70266FC5}.Release|Any CPU.Build.0 = Release|Any CPU
	EndGlobalSection
	GlobalSection(SolutionProperties) = preSolution
		HideSolutionNode = FALSE
	EndGlobalSection
	GlobalSection(ExtensibilityGlobals) = postSolution
		SolutionGuid = {45A25B36-E336-4A5F-BAD1-7F809164BEE1}
	EndGlobalSection
EndGlobal
