
Microsoft Visual Studio Solution File, Format Version 12.00
# Visual Studio Version 16
VisualStudioVersion = 16.0.29709.97
MinimumVisualStudioVersion = 10.0.40219.1
Project("{FAE04EC0-301F-11D3-BF4B-00C04F79EFBC}") = "non-negative ints", "non-negative ints\non-negative ints.csproj", "{8EE49EEB-1DA8-4DE6-B988-6B87A16DAEE4}"
EndProject
Global
	GlobalSection(SolutionConfigurationPlatforms) = preSolution
		Debug|Any CPU = Debug|Any CPU
		Release|Any CPU = Release|Any CPU
	EndGlobalSection
	GlobalSection(ProjectConfigurationPlatforms) = postSolution
		{8EE49EEB-1DA8-4DE6-B988-6B87A16DAEE4}.Debug|Any CPU.ActiveCfg = Debug|Any CPU
		{8EE49EEB-1DA8-4DE6-B988-6B87A16DAEE4}.Debug|Any CPU.Build.0 = Debug|Any CPU
		{8EE49EEB-1DA8-4DE6-B988-6B87A16DAEE4}.Release|Any CPU.ActiveCfg = Release|Any CPU
		{8EE49EEB-1DA8-4DE6-B988-6B87A16DAEE4}.Release|Any CPU.Build.0 = Release|Any CPU
	EndGlobalSection
	GlobalSection(SolutionProperties) = preSolution
		HideSolutionNode = FALSE
	EndGlobalSection
	GlobalSection(ExtensibilityGlobals) = postSolution
		SolutionGuid = {03E3496B-B3D2-4245-B0E2-0109CCB403C1}
	EndGlobalSection
EndGlobal
