
Microsoft Visual Studio Solution File, Format Version 12.00
# Visual Studio Version 16
VisualStudioVersion = 16.0.29613.14
MinimumVisualStudioVersion = 10.0.40219.1
Project("{FAE04EC0-301F-11D3-BF4B-00C04F79EFBC}") = "I", "I\I.csproj", "{344E4965-B1FE-4C54-95A6-3F1DD9D3547E}"
EndProject
Global
	GlobalSection(SolutionConfigurationPlatforms) = preSolution
		Debug|Any CPU = Debug|Any CPU
		Release|Any CPU = Release|Any CPU
	EndGlobalSection
	GlobalSection(ProjectConfigurationPlatforms) = postSolution
		{344E4965-B1FE-4C54-95A6-3F1DD9D3547E}.Debug|Any CPU.ActiveCfg = Debug|Any CPU
		{344E4965-B1FE-4C54-95A6-3F1DD9D3547E}.Debug|Any CPU.Build.0 = Debug|Any CPU
		{344E4965-B1FE-4C54-95A6-3F1DD9D3547E}.Release|Any CPU.ActiveCfg = Release|Any CPU
		{344E4965-B1FE-4C54-95A6-3F1DD9D3547E}.Release|Any CPU.Build.0 = Release|Any CPU
	EndGlobalSection
	GlobalSection(SolutionProperties) = preSolution
		HideSolutionNode = FALSE
	EndGlobalSection
	GlobalSection(ExtensibilityGlobals) = postSolution
		SolutionGuid = {51BA2786-DDBE-4F4B-A5AF-FAB65E16426C}
	EndGlobalSection
EndGlobal
